// !$*UTF8*$!
{
	archiveVersion = 1;
	classes = {
	};
	objectVersion = 46;
	objects = {

/* Begin PBXBuildFile section */
		3A7D68161DF5942700F9E634 /* AppDelegate.swift in Sources */ = {isa = PBXBuildFile; fileRef = 3A7D68151DF5942700F9E634 /* AppDelegate.swift */; };
		3A7D68181DF5942700F9E634 /* ViewController.swift in Sources */ = {isa = PBXBuildFile; fileRef = 3A7D68171DF5942700F9E634 /* ViewController.swift */; };
		3A7D681B1DF5942700F9E634 /* Main.storyboard in Resources */ = {isa = PBXBuildFile; fileRef = 3A7D68191DF5942700F9E634 /* Main.storyboard */; };
		3A7D681D1DF5942700F9E634 /* Assets.xcassets in Resources */ = {isa = PBXBuildFile; fileRef = 3A7D681C1DF5942700F9E634 /* Assets.xcassets */; };
		3A7D68201DF5942700F9E634 /* LaunchScreen.storyboard in Resources */ = {isa = PBXBuildFile; fileRef = 3A7D681E1DF5942700F9E634 /* LaunchScreen.storyboard */; };
		43315938002705BA474A6798 /* Pods_VideoCore.framework in Frameworks */ = {isa = PBXBuildFile; fileRef = 025E03EE92A13BA9D294D0BF /* Pods_VideoCore.framework */; };
/* End PBXBuildFile section */

/* Begin PBXFileReference section */
		025E03EE92A13BA9D294D0BF /* Pods_VideoCore.framework */ = {isa = PBXFileReference; explicitFileType = wrapper.framework; includeInIndex = 0; path = Pods_VideoCore.framework; sourceTree = BUILT_PRODUCTS_DIR; };
		3A7D68121DF5942700F9E634 /* VideoCore.app */ = {isa = PBXFileReference; explicitFileType = wrapper.application; includeInIndex = 0; path = VideoCore.app; sourceTree = BUILT_PRODUCTS_DIR; };
		3A7D68151DF5942700F9E634 /* AppDelegate.swift */ = {isa = PBXFileReference; lastKnownFileType = sourcecode.swift; path = AppDelegate.swift; sourceTree = "<group>"; };
		3A7D68171DF5942700F9E634 /* ViewController.swift */ = {isa = PBXFileReference; lastKnownFileType = sourcecode.swift; path = ViewController.swift; sourceTree = "<group>"; };
		3A7D681A1DF5942700F9E634 /* Base */ = {isa = PBXFileReference; lastKnownFileType = file.storyboard; name = Base; path = Base.lproj/Main.storyboard; sourceTree = "<group>"; };
		3A7D681C1DF5942700F9E634 /* Assets.xcassets */ = {isa = PBXFileReference; lastKnownFileType = folder.assetcatalog; path = Assets.xcassets; sourceTree = "<group>"; };
		3A7D681F1DF5942700F9E634 /* Base */ = {isa = PBXFileReference; lastKnownFileType = file.storyboard; name = Base; path = Base.lproj/LaunchScreen.storyboard; sourceTree = "<group>"; };
		3A7D68211DF5942700F9E634 /* Info.plist */ = {isa = PBXFileReference; lastKnownFileType = text.plist.xml; path = Info.plist; sourceTree = "<group>"; };
		B8B6A2FFFB8FDF6C4C38453E /* Pods-VideoCore.release.xcconfig */ = {isa = PBXFileReference; includeInIndex = 1; lastKnownFileType = text.xcconfig; name = "Pods-VideoCore.release.xcconfig"; path = "Pods/Target Support Files/Pods-VideoCore/Pods-VideoCore.release.xcconfig"; sourceTree = "<group>"; };
		BEB48A2FA5E4498B0B9D5DA9 /* Pods-VideoCore.debug.xcconfig */ = {isa = PBXFileReference; includeInIndex = 1; lastKnownFileType = text.xcconfig; name = "Pods-VideoCore.debug.xcconfig"; path = "Pods/Target Support Files/Pods-VideoCore/Pods-VideoCore.debug.xcconfig"; sourceTree = "<group>"; };
/* End PBXFileReference section */

/* Begin PBXFrameworksBuildPhase section */
		3A7D680F1DF5942700F9E634 /* Frameworks */ = {
			isa = PBXFrameworksBuildPhase;
			buildActionMask = 2147483647;
			files = (
				43315938002705BA474A6798 /* Pods_VideoCore.framework in Frameworks */,
			);
			runOnlyForDeploymentPostprocessing = 0;
		};
/* End PBXFrameworksBuildPhase section */

/* Begin PBXGroup section */
		3A7D68091DF5942700F9E634 = {
			isa = PBXGroup;
			children = (
				3A7D68141DF5942700F9E634 /* VideoCore */,
				3A7D68131DF5942700F9E634 /* Products */,
				E0EB081F68F7A95ECF61D3DD /* Pods */,
				4790C69FC915F52E805E50D5 /* Frameworks */,
			);
			sourceTree = "<group>";
		};
		3A7D68131DF5942700F9E634 /* Products */ = {
			isa = PBXGroup;
			children = (
				3A7D68121DF5942700F9E634 /* VideoCore.app */,
			);
			name = Products;
			sourceTree = "<group>";
		};
		3A7D68141DF5942700F9E634 /* VideoCore */ = {
			isa = PBXGroup;
			children = (
				3A7D68151DF5942700F9E634 /* AppDelegate.swift */,
				3A7D68171DF5942700F9E634 /* ViewController.swift */,
				3A7D68191DF5942700F9E634 /* Main.storyboard */,
				3A7D681C1DF5942700F9E634 /* Assets.xcassets */,
				3A7D681E1DF5942700F9E634 /* LaunchScreen.storyboard */,
				3A7D68211DF5942700F9E634 /* Info.plist */,
			);
			path = VideoCore;
			sourceTree = "<group>";
		};
		4790C69FC915F52E805E50D5 /* Frameworks */ = {
			isa = PBXGroup;
			children = (
				025E03EE92A13BA9D294D0BF /* Pods_VideoCore.framework */,
			);
			name = Frameworks;
			sourceTree = "<group>";
		};
		E0EB081F68F7A95ECF61D3DD /* Pods */ = {
			isa = PBXGroup;
			children = (
				BEB48A2FA5E4498B0B9D5DA9 /* Pods-VideoCore.debug.xcconfig */,
				B8B6A2FFFB8FDF6C4C38453E /* Pods-VideoCore.release.xcconfig */,
			);
			name = Pods;
			sourceTree = "<group>";
		};
/* End PBXGroup section */

/* Begin PBXNativeTarget section */
		3A7D68111DF5942700F9E634 /* VideoCore */ = {
			isa = PBXNativeTarget;
			buildConfigurationList = 3A7D68241DF5942700F9E634 /* Build configuration list for PBXNativeTarget "VideoCore" */;
			buildPhases = (
				0755FB900F5CBD06A03C1626 /* [CP] Check Pods Manifest.lock */,
				3A7D680E1DF5942700F9E634 /* Sources */,
				3A7D680F1DF5942700F9E634 /* Frameworks */,
				3A7D68101DF5942700F9E634 /* Resources */,
				68DF5CB9C59B6352446C4898 /* [CP] Embed Pods Frameworks */,
				66897FE3049D81FB35F90BBB /* [CP] Copy Pods Resources */,
			);
			buildRules = (
			);
			dependencies = (
			);
			name = VideoCore;
			productName = VideoCore;
			productReference = 3A7D68121DF5942700F9E634 /* VideoCore.app */;
			productType = "com.apple.product-type.application";
		};
/* End PBXNativeTarget section */

/* Begin PBXProject section */
		3A7D680A1DF5942700F9E634 /* Project object */ = {
			isa = PBXProject;
			attributes = {
				LastSwiftUpdateCheck = 0810;
				LastUpgradeCheck = 0810;
				ORGANIZATIONNAME = AT;
				TargetAttributes = {
					3A7D68111DF5942700F9E634 = {
						CreatedOnToolsVersion = 8.1;
						DevelopmentTeam = 68UNY3942R;
						ProvisioningStyle = Automatic;
					};
				};
			};
			buildConfigurationList = 3A7D680D1DF5942700F9E634 /* Build configuration list for PBXProject "VideoCore" */;
			compatibilityVersion = "Xcode 3.2";
			developmentRegion = English;
			hasScannedForEncodings = 0;
			knownRegions = (
				en,
				Base,
			);
			mainGroup = 3A7D68091DF5942700F9E634;
			productRefGroup = 3A7D68131DF5942700F9E634 /* Products */;
			projectDirPath = "";
			projectRoot = "";
			targets = (
				3A7D68111DF5942700F9E634 /* VideoCore */,
			);
		};
/* End PBXProject section */

/* Begin PBXResourcesBuildPhase section */
		3A7D68101DF5942700F9E634 /* Resources */ = {
			isa = PBXResourcesBuildPhase;
			buildActionMask = 2147483647;
			files = (
				3A7D68201DF5942700F9E634 /* LaunchScreen.storyboard in Resources */,
				3A7D681D1DF5942700F9E634 /* Assets.xcassets in Resources */,
				3A7D681B1DF5942700F9E634 /* Main.storyboard in Resources */,
			);
			runOnlyForDeploymentPostprocessing = 0;
		};
/* End PBXResourcesBuildPhase section */

/* Begin PBXShellScriptBuildPhase section */
		0755FB900F5CBD06A03C1626 /* [CP] Check Pods Manifest.lock */ = {
			isa = PBXShellScriptBuildPhase;
			buildActionMask = 2147483647;
			files = (
			);
			inputPaths = (
			);
			name = "[CP] Check Pods Manifest.lock";
			outputPaths = (
			);
			runOnlyForDeploymentPostprocessing = 0;
			shellPath = /bin/sh;
			shellScript = "diff \"${PODS_ROOT}/../Podfile.lock\" \"${PODS_ROOT}/Manifest.lock\" > /dev/null\nif [ $? != 0 ] ; then\n    # print error to STDERR\n    echo \"error: The sandbox is not in sync with the Podfile.lock. Run 'pod install' or update your CocoaPods installation.\" >&2\n    exit 1\nfi\n";
			showEnvVarsInLog = 0;
		};
		66897FE3049D81FB35F90BBB /* [CP] Copy Pods Resources */ = {
			isa = PBXShellScriptBuildPhase;
			buildActionMask = 2147483647;
			files = (
			);
			inputPaths = (
			);
			name = "[CP] Copy Pods Resources";
			outputPaths = (
			);
			runOnlyForDeploymentPostprocessing = 0;
			shellPath = /bin/sh;
			shellScript = "\"${SRCROOT}/Pods/Target Support Files/Pods-VideoCore/Pods-VideoCore-resources.sh\"\n";
			showEnvVarsInLog = 0;
		};
		68DF5CB9C59B6352446C4898 /* [CP] Embed Pods Frameworks */ = {
			isa = PBXShellScriptBuildPhase;
			buildActionMask = 2147483647;
			files = (
			);
			inputPaths = (
			);
			name = "[CP] Embed Pods Frameworks";
			outputPaths = (
			);
			runOnlyForDeploymentPostprocessing = 0;
			shellPath = /bin/sh;
			shellScript = "\"${SRCROOT}/Pods/Target Support Files/Pods-VideoCore/Pods-VideoCore-frameworks.sh\"\n";
			showEnvVarsInLog = 0;
		};
/* End PBXShellScriptBuildPhase section */

/* Begin PBXSourcesBuildPhase section */
		3A7D680E1DF5942700F9E634 /* Sources */ = {
			isa = PBXSourcesBuildPhase;
			buildActionMask = 2147483647;
			files = (
				3A7D68181DF5942700F9E634 /* ViewController.swift in Sources */,
				3A7D68161DF5942700F9E634 /* AppDelegate.swift in Sources */,
			);
			runOnlyForDeploymentPostprocessing = 0;
		};
/* End PBXSourcesBuildPhase section */

/* Begin PBXVariantGroup section */
		3A7D68191DF5942700F9E634 /* Main.storyboard */ = {
			isa = PBXVariantGroup;
			children = (
				3A7D681A1DF5942700F9E634 /* Base */,
			);
			name = Main.storyboard;
			sourceTree = "<group>";
		};
		3A7D681E1DF5942700F9E634 /* LaunchScreen.storyboard */ = {
			isa = PBXVariantGroup;
			children = (
				3A7D681F1DF5942700F9E634 /* Base */,
			);
			name = LaunchScreen.storyboard;
			sourceTree = "<group>";
		};
/* End PBXVariantGroup section */

/* Begin XCBuildConfiguration section */
		3A7D68221DF5942700F9E634 /* Debug */ = {
			isa = XCBuildConfiguration;
			buildSettings = {
				ALWAYS_SEARCH_USER_PATHS = NO;
				CLANG_ANALYZER_NONNULL = YES;
				CLANG_CXX_LANGUAGE_STANDARD = "gnu++0x";
				CLANG_CXX_LIBRARY = "libc++";
				CLANG_ENABLE_MODULES = YES;
				CLANG_ENABLE_OBJC_ARC = YES;
				CLANG_WARN_BOOL_CONVERSION = YES;
				CLANG_WARN_CONSTANT_CONVERSION = YES;
				CLANG_WARN_DIRECT_OBJC_ISA_USAGE = YES_ERROR;
				CLANG_WARN_DOCUMENTATION_COMMENTS = YES;
				CLANG_WARN_EMPTY_BODY = YES;
				CLANG_WARN_ENUM_CONVERSION = YES;
				CLANG_WARN_INFINITE_RECURSION = YES;
				CLANG_WARN_INT_CONVERSION = YES;
				CLANG_WARN_OBJC_ROOT_CLASS = YES_ERROR;
				CLANG_WARN_SUSPICIOUS_MOVES = YES;
				CLANG_WARN_UNREACHABLE_CODE = YES;
				CLANG_WARN__DUPLICATE_METHOD_MATCH = YES;
				"CODE_SIGN_IDENTITY[sdk=iphoneos*]" = "iPhone Developer";
				COPY_PHASE_STRIP = NO;
				DEBUG_INFORMATION_FORMAT = dwarf;
				ENABLE_STRICT_OBJC_MSGSEND = YES;
				ENABLE_TESTABILITY = YES;
				GCC_C_LANGUAGE_STANDARD = gnu99;
				GCC_DYNAMIC_NO_PIC = NO;
				GCC_NO_COMMON_BLOCKS = YES;
				GCC_OPTIMIZATION_LEVEL = 0;
				GCC_PREPROCESSOR_DEFINITIONS = (
					"DEBUG=1",
					"$(inherited)",
				);
				GCC_WARN_64_TO_32_BIT_CONVERSION = YES;
				GCC_WARN_ABOUT_RETURN_TYPE = YES_ERROR;
				GCC_WARN_UNDECLARED_SELECTOR = YES;
				GCC_WARN_UNINITIALIZED_AUTOS = YES_AGGRESSIVE;
				GCC_WARN_UNUSED_FUNCTION = YES;
				GCC_WARN_UNUSED_VARIABLE = YES;
				IPHONEOS_DEPLOYMENT_TARGET = 10.1;
				MTL_ENABLE_DEBUG_INFO = YES;
				ONLY_ACTIVE_ARCH = YES;
				SDKROOT = iphoneos;
				SWIFT_ACTIVE_COMPILATION_CONDITIONS = DEBUG;
				SWIFT_OPTIMIZATION_LEVEL = "-Onone";
				TARGETED_DEVICE_FAMILY = "1,2";
			};
			name = Debug;
		};
		3A7D68231DF5942700F9E634 /* Release */ = {
			isa = XCBuildConfiguration;
			buildSettings = {
				ALWAYS_SEARCH_USER_PATHS = NO;
				CLANG_ANALYZER_NONNULL = YES;
				CLANG_CXX_LANGUAGE_STANDARD = "gnu++0x";
				CLANG_CXX_LIBRARY = "libc++";
				CLANG_ENABLE_MODULES = YES;
				CLANG_ENABLE_OBJC_ARC = YES;
				CLANG_WARN_BOOL_CONVERSION = YES;
				CLANG_WARN_CONSTANT_CONVERSION = YES;
				CLANG_WARN_DIRECT_OBJC_ISA_USAGE = YES_ERROR;
				CLANG_WARN_DOCUMENTATION_COMMENTS = YES;
				CLANG_WARN_EMPTY_BODY = YES;
				CLANG_WARN_ENUM_CONVERSION = YES;
				CLANG_WARN_INFINITE_RECURSION = YES;
				CLANG_WARN_INT_CONVERSION = YES;
				CLANG_WARN_OBJC_ROOT_CLASS = YES_ERROR;
				CLANG_WARN_SUSPICIOUS_MOVES = YES;
				CLANG_WARN_UNREACHABLE_CODE = YES;
				CLANG_WARN__DUPLICATE_METHOD_MATCH = YES;
				"CODE_SIGN_IDENTITY[sdk=iphoneos*]" = "iPhone Developer";
				COPY_PHASE_STRIP = NO;
				DEBUG_INFORMATION_FORMAT = "dwarf-with-dsym";
				ENABLE_NS_ASSERTIONS = NO;
				ENABLE_STRICT_OBJC_MSGSEND = YES;
				GCC_C_LANGUAGE_STANDARD = gnu99;
				GCC_NO_COMMON_BLOCKS = YES;
				GCC_WARN_64_TO_32_BIT_CONVERSION = YES;
				GCC_WARN_ABOUT_RETURN_TYPE = YES_ERROR;
				GCC_WARN_UNDECLARED_SELECTOR = YES;
				GCC_WARN_UNINITIALIZED_AUTOS = YES_AGGRESSIVE;
				GCC_WARN_UNUSED_FUNCTION = YES;
				GCC_WARN_UNUSED_VARIABLE = YES;
				IPHONEOS_DEPLOYMENT_TARGET = 10.1;
				MTL_ENABLE_DEBUG_INFO = NO;
				SDKROOT = iphoneos;
				SWIFT_OPTIMIZATION_LEVEL = "-Owholemodule";
				TARGETED_DEVICE_FAMILY = "1,2";
				VALIDATE_PRODUCT = YES;
			};
			name = Release;
		};
		3A7D68251DF5942700F9E634 /* Debug */ = {
			isa = XCBuildConfiguration;
			baseConfigurationReference = BEB48A2FA5E4498B0B9D5DA9 /* Pods-VideoCore.debug.xcconfig */;
			buildSettings = {
				ASSETCATALOG_COMPILER_APPICON_NAME = AppIcon;
				DEVELOPMENT_TEAM = 68UNY3942R;
				INFOPLIST_FILE = VideoCore/Info.plist;
				LD_RUNPATH_SEARCH_PATHS = "$(inherited) @executable_path/Frameworks";
				PRODUCT_BUNDLE_IDENTIFIER = AntonTrubianov.VideoCore;
				PRODUCT_NAME = "$(TARGET_NAME)";
				SWIFT_VERSION = 3.0;
			};
			name = Debug;
		};
		3A7D68261DF5942700F9E634 /* Release */ = {
			isa = XCBuildConfiguration;
			baseConfigurationReference = B8B6A2FFFB8FDF6C4C38453E /* Pods-VideoCore.release.xcconfig */;
			buildSettings = {
				ASSETCATALOG_COMPILER_APPICON_NAME = AppIcon;
				DEVELOPMENT_TEAM = 68UNY3942R;
				INFOPLIST_FILE = VideoCore/Info.plist;
				LD_RUNPATH_SEARCH_PATHS = "$(inherited) @executable_path/Frameworks";
				PRODUCT_BUNDLE_IDENTIFIER = AntonTrubianov.VideoCore;
				PRODUCT_NAME = "$(TARGET_NAME)";
				SWIFT_VERSION = 3.0;
			};
			name = Release;
		};
/* End XCBuildConfiguration section */

/* Begin XCConfigurationList section */
		3A7D680D1DF5942700F9E634 /* Build configuration list for PBXProject "VideoCore" */ = {
			isa = XCConfigurationList;
			buildConfigurations = (
				3A7D68221DF5942700F9E634 /* Debug */,
				3A7D68231DF5942700F9E634 /* Release */,
			);
			defaultConfigurationIsVisible = 0;
			defaultConfigurationName = Release;
		};
		3A7D68241DF5942700F9E634 /* Build configuration list for PBXNativeTarget "VideoCore" */ = {
			isa = XCConfigurationList;
			buildConfigurations = (
				3A7D68251DF5942700F9E634 /* Debug */,
				3A7D68261DF5942700F9E634 /* Release */,
			);
			defaultConfigurationIsVisible = 0;
			defaultConfigurationName = Release;
		};
/* End XCConfigurationList section */
	};
	rootObject = 3A7D680A1DF5942700F9E634 /* Project object */;
}
